
Microsoft Visual Studio Solution File, Format Version 12.00
# Visual Studio Version 17
VisualStudioVersion = 17.7.34202.233
MinimumVisualStudioVersion = 10.0.40219.1
Project("{FAE04EC0-301F-11D3-BF4B-00C04F79EFBC}") = "Hash_Table", "Hash_Table.csproj", "{AA9910A4-E76A-410D-95E0-B9CC14ED5FB9}"
EndProject
Global
	GlobalSection(SolutionConfigurationPlatforms) = preSolution
		Debug|Any CPU = Debug|Any CPU
		Release|Any CPU = Release|Any CPU
	EndGlobalSection
	GlobalSection(ProjectConfigurationPlatforms) = postSolution
		{AA9910A4-E76A-410D-95E0-B9CC14ED5FB9}.Debug|Any CPU.ActiveCfg = Debug|Any CPU
		{AA9910A4-E76A-410D-95E0-B9CC14ED5FB9}.Debug|Any CPU.Build.0 = Debug|Any CPU
		{AA9910A4-E76A-410D-95E0-B9CC14ED5FB9}.Release|Any CPU.ActiveCfg = Release|Any CPU
		{AA9910A4-E76A-410D-95E0-B9CC14ED5FB9}.Release|Any CPU.Build.0 = Release|Any CPU
	EndGlobalSection
	GlobalSection(SolutionProperties) = preSolution
		HideSolutionNode = FALSE
	EndGlobalSection
	GlobalSection(ExtensibilityGlobals) = postSolution
		SolutionGuid = {9B636899-7EE5-4482-BB9F-262302F2632E}
	EndGlobalSection
EndGlobal
